
Microsoft Visual Studio Solution File, Format Version 12.00
# Visual Studio 15
VisualStudioVersion = 15.0.28307.902
MinimumVisualStudioVersion = 10.0.40219.1
Project("{8BC9CEB8-8B4A-11D0-8D11-00A0C91BC942}") = "задача функция", "задача функция\задача функция.vcxproj", "{C7DC1932-45C6-47E6-A172-0A0B79BB99D0}"
EndProject
Global
	GlobalSection(SolutionConfigurationPlatforms) = preSolution
		Debug|x64 = Debug|x64
		Debug|x86 = Debug|x86
		Release|x64 = Release|x64
		Release|x86 = Release|x86
	EndGlobalSection
	GlobalSection(ProjectConfigurationPlatforms) = postSolution
		{C7DC1932-45C6-47E6-A172-0A0B79BB99D0}.Debug|x64.ActiveCfg = Debug|x64
		{C7DC1932-45C6-47E6-A172-0A0B79BB99D0}.Debug|x64.Build.0 = Debug|x64
		{C7DC1932-45C6-47E6-A172-0A0B79BB99D0}.Debug|x86.ActiveCfg = Debug|Win32
		{C7DC1932-45C6-47E6-A172-0A0B79BB99D0}.Debug|x86.Build.0 = Debug|Win32
		{C7DC1932-45C6-47E6-A172-0A0B79BB99D0}.Release|x64.ActiveCfg = Release|x64
		{C7DC1932-45C6-47E6-A172-0A0B79BB99D0}.Release|x64.Build.0 = Release|x64
		{C7DC1932-45C6-47E6-A172-0A0B79BB99D0}.Release|x86.ActiveCfg = Release|Win32
		{C7DC1932-45C6-47E6-A172-0A0B79BB99D0}.Release|x86.Build.0 = Release|Win32
	EndGlobalSection
	GlobalSection(SolutionProperties) = preSolution
		HideSolutionNode = FALSE
	EndGlobalSection
	GlobalSection(ExtensibilityGlobals) = postSolution
		SolutionGuid = {BEC3FC78-EDE7-44CB-9BD3-B9A74CC84F61}
	EndGlobalSection
EndGlobal
